
Microsoft Visual Studio Solution File, Format Version 12.00
# Visual Studio 2012
Project("{8BC9CEB8-8B4A-11D0-8D11-00A0C91BC942}") = "ResetPermission", "ResetPermission.vcxproj", "{5AB9D7B8-1B38-4497-AB35-07D37C99AD26}"
EndProject
Global
	GlobalSection(SolutionConfigurationPlatforms) = preSolution
		Debug|Win32 = Debug|Win32
		Release|Win32 = Release|Win32
	EndGlobalSection
	GlobalSection(ProjectConfigurationPlatforms) = postSolution
		{5AB9D7B8-1B38-4497-AB35-07D37C99AD26}.Debug|Win32.ActiveCfg = Debug|Win32
		{5AB9D7B8-1B38-4497-AB35-07D37C99AD26}.Debug|Win32.Build.0 = Debug|Win32
		{5AB9D7B8-1B38-4497-AB35-07D37C99AD26}.Release|Win32.ActiveCfg = Release|Win32
		{5AB9D7B8-1B38-4497-AB35-07D37C99AD26}.Release|Win32.Build.0 = Release|Win32
	EndGlobalSection
	GlobalSection(SolutionProperties) = preSolution
		HideSolutionNode = FALSE
	EndGlobalSection
EndGlobal
